
Microsoft Visual Studio Solution File, Format Version 12.00
# Visual Studio Version 16
VisualStudioVersion = 16.0.30804.86
MinimumVisualStudioVersion = 10.0.40219.1
Project("{FAE04EC0-301F-11D3-BF4B-00C04F79EFBC}") = "SafeBoard_2_Client", "SafeBoard_2_Client\SafeBoard_2_Client.csproj", "{EAC9A613-7A70-4F72-B602-49E22880FAC9}"
EndProject
Global
	GlobalSection(SolutionConfigurationPlatforms) = preSolution
		Debug|Any CPU = Debug|Any CPU
		Release|Any CPU = Release|Any CPU
	EndGlobalSection
	GlobalSection(ProjectConfigurationPlatforms) = postSolution
		{EAC9A613-7A70-4F72-B602-49E22880FAC9}.Debug|Any CPU.ActiveCfg = Debug|Any CPU
		{EAC9A613-7A70-4F72-B602-49E22880FAC9}.Debug|Any CPU.Build.0 = Debug|Any CPU
		{EAC9A613-7A70-4F72-B602-49E22880FAC9}.Release|Any CPU.ActiveCfg = Release|Any CPU
		{EAC9A613-7A70-4F72-B602-49E22880FAC9}.Release|Any CPU.Build.0 = Release|Any CPU
	EndGlobalSection
	GlobalSection(SolutionProperties) = preSolution
		HideSolutionNode = FALSE
	EndGlobalSection
	GlobalSection(ExtensibilityGlobals) = postSolution
		SolutionGuid = {A5469AF3-187E-474C-9789-BAF619B6D50A}
	EndGlobalSection
EndGlobal
